
Microsoft Visual Studio Solution File, Format Version 12.00
# Visual Studio Version 17
VisualStudioVersion = 17.11.35219.272
MinimumVisualStudioVersion = 10.0.40219.1
Project("{FAE04EC0-301F-11D3-BF4B-00C04F79EFBC}") = "DevC_Core5_Api_Jwt", "DevC_Core5_Api_Jwt.csproj", "{AB7BAA41-C4E6-4481-A7C7-408EC4724ACB}"
EndProject
Global
	GlobalSection(SolutionConfigurationPlatforms) = preSolution
		Debug|Any CPU = Debug|Any CPU
		Release|Any CPU = Release|Any CPU
	EndGlobalSection
	GlobalSection(ProjectConfigurationPlatforms) = postSolution
		{AB7BAA41-C4E6-4481-A7C7-408EC4724ACB}.Debug|Any CPU.ActiveCfg = Debug|Any CPU
		{AB7BAA41-C4E6-4481-A7C7-408EC4724ACB}.Debug|Any CPU.Build.0 = Debug|Any CPU
		{AB7BAA41-C4E6-4481-A7C7-408EC4724ACB}.Release|Any CPU.ActiveCfg = Release|Any CPU
		{AB7BAA41-C4E6-4481-A7C7-408EC4724ACB}.Release|Any CPU.Build.0 = Release|Any CPU
	EndGlobalSection
	GlobalSection(SolutionProperties) = preSolution
		HideSolutionNode = FALSE
	EndGlobalSection
	GlobalSection(ExtensibilityGlobals) = postSolution
		SolutionGuid = {7FE57B8A-9E3B-4EDA-820A-09B426CB9CF6}
	EndGlobalSection
EndGlobal
